
Microsoft Visual Studio Solution File, Format Version 12.00
# Visual Studio Version 17
VisualStudioVersion = 17.3.32901.215
MinimumVisualStudioVersion = 10.0.40219.1
Project("{FAE04EC0-301F-11D3-BF4B-00C04F79EFBC}") = "day2", "day2.csproj", "{DECBB12C-54E7-4572-9C03-769EB9B0E525}"
EndProject
Global
	GlobalSection(SolutionConfigurationPlatforms) = preSolution
		Debug|Any CPU = Debug|Any CPU
		Release|Any CPU = Release|Any CPU
	EndGlobalSection
	GlobalSection(ProjectConfigurationPlatforms) = postSolution
		{DECBB12C-54E7-4572-9C03-769EB9B0E525}.Debug|Any CPU.ActiveCfg = Debug|Any CPU
		{DECBB12C-54E7-4572-9C03-769EB9B0E525}.Debug|Any CPU.Build.0 = Debug|Any CPU
		{DECBB12C-54E7-4572-9C03-769EB9B0E525}.Release|Any CPU.ActiveCfg = Release|Any CPU
		{DECBB12C-54E7-4572-9C03-769EB9B0E525}.Release|Any CPU.Build.0 = Release|Any CPU
	EndGlobalSection
	GlobalSection(SolutionProperties) = preSolution
		HideSolutionNode = FALSE
	EndGlobalSection
	GlobalSection(ExtensibilityGlobals) = postSolution
		SolutionGuid = {7089057B-7E88-4936-8B2A-BFB371F54A8C}
	EndGlobalSection
EndGlobal
