
Microsoft Visual Studio Solution File, Format Version 12.00
# Visual Studio Version 17
VisualStudioVersion = 17.5.33502.453
MinimumVisualStudioVersion = 10.0.40219.1
Project("{FAE04EC0-301F-11D3-BF4B-00C04F79EFBC}") = "Day6_Tasks", "Day6_Tasks\Day6_Tasks.csproj", "{9090763F-3F9D-4C2F-B98C-40574ECB3ABD}"
EndProject
Global
	GlobalSection(SolutionConfigurationPlatforms) = preSolution
		Debug|Any CPU = Debug|Any CPU
		Release|Any CPU = Release|Any CPU
	EndGlobalSection
	GlobalSection(ProjectConfigurationPlatforms) = postSolution
		{9090763F-3F9D-4C2F-B98C-40574ECB3ABD}.Debug|Any CPU.ActiveCfg = Debug|Any CPU
		{9090763F-3F9D-4C2F-B98C-40574ECB3ABD}.Debug|Any CPU.Build.0 = Debug|Any CPU
		{9090763F-3F9D-4C2F-B98C-40574ECB3ABD}.Release|Any CPU.ActiveCfg = Release|Any CPU
		{9090763F-3F9D-4C2F-B98C-40574ECB3ABD}.Release|Any CPU.Build.0 = Release|Any CPU
	EndGlobalSection
	GlobalSection(SolutionProperties) = preSolution
		HideSolutionNode = FALSE
	EndGlobalSection
	GlobalSection(ExtensibilityGlobals) = postSolution
		SolutionGuid = {98D17EEC-1B46-4669-9C25-B3E79AB5DC0F}
	EndGlobalSection
EndGlobal
