
Microsoft Visual Studio Solution File, Format Version 12.00
# Visual Studio Version 17
VisualStudioVersion = 17.5.33516.290
MinimumVisualStudioVersion = 10.0.40219.1
Project("{9A19103F-16F7-4668-BE54-9A1E7A4F7556}") = "CustomerManagement", "CustomerManagement\CustomerManagement.csproj", "{94EB30BE-4A0E-4B76-9306-00454E95FEFF}"
EndProject
Project("{FAE04EC0-301F-11D3-BF4B-00C04F79EFBC}") = "DataAccessLayer", "DataAccessLayer\DataAccessLayer.csproj", "{8D1133D2-87CD-4316-9DA8-B0E6AD1EAE78}"
EndProject
Project("{FAE04EC0-301F-11D3-BF4B-00C04F79EFBC}") = "CommonLibrary", "CommonLibrary\CommonLibrary.csproj", "{096B9462-0CA2-4F67-BF7F-DCB7F05D946E}"
EndProject
Global
	GlobalSection(SolutionConfigurationPlatforms) = preSolution
		Debug|Any CPU = Debug|Any CPU
		Release|Any CPU = Release|Any CPU
	EndGlobalSection
	GlobalSection(ProjectConfigurationPlatforms) = postSolution
		{94EB30BE-4A0E-4B76-9306-00454E95FEFF}.Debug|Any CPU.ActiveCfg = Debug|Any CPU
		{94EB30BE-4A0E-4B76-9306-00454E95FEFF}.Debug|Any CPU.Build.0 = Debug|Any CPU
		{94EB30BE-4A0E-4B76-9306-00454E95FEFF}.Release|Any CPU.ActiveCfg = Release|Any CPU
		{94EB30BE-4A0E-4B76-9306-00454E95FEFF}.Release|Any CPU.Build.0 = Release|Any CPU
		{8D1133D2-87CD-4316-9DA8-B0E6AD1EAE78}.Debug|Any CPU.ActiveCfg = Debug|Any CPU
		{8D1133D2-87CD-4316-9DA8-B0E6AD1EAE78}.Debug|Any CPU.Build.0 = Debug|Any CPU
		{8D1133D2-87CD-4316-9DA8-B0E6AD1EAE78}.Release|Any CPU.ActiveCfg = Release|Any CPU
		{8D1133D2-87CD-4316-9DA8-B0E6AD1EAE78}.Release|Any CPU.Build.0 = Release|Any CPU
		{096B9462-0CA2-4F67-BF7F-DCB7F05D946E}.Debug|Any CPU.ActiveCfg = Debug|Any CPU
		{096B9462-0CA2-4F67-BF7F-DCB7F05D946E}.Debug|Any CPU.Build.0 = Debug|Any CPU
		{096B9462-0CA2-4F67-BF7F-DCB7F05D946E}.Release|Any CPU.ActiveCfg = Release|Any CPU
		{096B9462-0CA2-4F67-BF7F-DCB7F05D946E}.Release|Any CPU.Build.0 = Release|Any CPU
	EndGlobalSection
	GlobalSection(SolutionProperties) = preSolution
		HideSolutionNode = FALSE
	EndGlobalSection
	GlobalSection(ExtensibilityGlobals) = postSolution
		SolutionGuid = {48EA5D19-0E4C-4338-8952-51C54FB14045}
	EndGlobalSection
EndGlobal
