
Microsoft Visual Studio Solution File, Format Version 12.00
# Visual Studio Version 17
VisualStudioVersion = 17.3.32901.215
MinimumVisualStudioVersion = 10.0.40219.1
Project("{FAE04EC0-301F-11D3-BF4B-00C04F79EFBC}") = "day2", "day2.csproj", "{C60640FC-FDE3-4C08-A9C2-D099D826AD91}"
EndProject
Global
	GlobalSection(SolutionConfigurationPlatforms) = preSolution
		Debug|Any CPU = Debug|Any CPU
		Release|Any CPU = Release|Any CPU
	EndGlobalSection
	GlobalSection(ProjectConfigurationPlatforms) = postSolution
		{C60640FC-FDE3-4C08-A9C2-D099D826AD91}.Debug|Any CPU.ActiveCfg = Debug|Any CPU
		{C60640FC-FDE3-4C08-A9C2-D099D826AD91}.Debug|Any CPU.Build.0 = Debug|Any CPU
		{C60640FC-FDE3-4C08-A9C2-D099D826AD91}.Release|Any CPU.ActiveCfg = Release|Any CPU
		{C60640FC-FDE3-4C08-A9C2-D099D826AD91}.Release|Any CPU.Build.0 = Release|Any CPU
	EndGlobalSection
	GlobalSection(SolutionProperties) = preSolution
		HideSolutionNode = FALSE
	EndGlobalSection
	GlobalSection(ExtensibilityGlobals) = postSolution
		SolutionGuid = {CB8028BB-D1C0-46D5-BCCB-EA86A32577A4}
	EndGlobalSection
EndGlobal
