
Microsoft Visual Studio Solution File, Format Version 12.00
# Visual Studio Version 17
VisualStudioVersion = 17.5.33502.453
MinimumVisualStudioVersion = 10.0.40219.1
Project("{FAE04EC0-301F-11D3-BF4B-00C04F79EFBC}") = "Task 2 Day 2", "Task 2 Day 2\Task 2 Day 2.csproj", "{E1963A9A-FEAA-4A8D-9CC2-9F2DE52638E9}"
EndProject
Global
	GlobalSection(SolutionConfigurationPlatforms) = preSolution
		Debug|Any CPU = Debug|Any CPU
		Release|Any CPU = Release|Any CPU
	EndGlobalSection
	GlobalSection(ProjectConfigurationPlatforms) = postSolution
		{E1963A9A-FEAA-4A8D-9CC2-9F2DE52638E9}.Debug|Any CPU.ActiveCfg = Debug|Any CPU
		{E1963A9A-FEAA-4A8D-9CC2-9F2DE52638E9}.Debug|Any CPU.Build.0 = Debug|Any CPU
		{E1963A9A-FEAA-4A8D-9CC2-9F2DE52638E9}.Release|Any CPU.ActiveCfg = Release|Any CPU
		{E1963A9A-FEAA-4A8D-9CC2-9F2DE52638E9}.Release|Any CPU.Build.0 = Release|Any CPU
	EndGlobalSection
	GlobalSection(SolutionProperties) = preSolution
		HideSolutionNode = FALSE
	EndGlobalSection
	GlobalSection(ExtensibilityGlobals) = postSolution
		SolutionGuid = {6B6EF10B-DC54-40EC-A365-375DAF7CEFF4}
	EndGlobalSection
EndGlobal
